<?xml version="1.0" encoding="utf-8"?>
<Project ToolsVersion="4.0" xmlns="http://schemas.microsoft.com/developer/msbuild/2003">
  <ItemGroup>
    <Filter Include="Source Files">
      <UniqueIdentifier>{4FC737F1-C7A5-4376-A066-2A32D752A2FF}</UniqueIdentifier>
      <Extensions>cpp;c;cc;cxx;c++;cppm;ixx;def;odl;idl;hpj;bat;asm;asmx</Extensions>
    </Filter>
    <Filter Include="Header Files">
      <UniqueIdentifier>{93995380-89BD-4b04-88EB-625FBE52EBFB}</UniqueIdentifier>
      <Extensions>h;hh;hpp;hxx;h++;hm;inl;inc;ipp;xsd</Extensions>
    </Filter>
    <Filter Include="Resource Files">
      <UniqueIdentifier>{67DA6AB6-F800-4c08-8B7A-83BB121AAD01}</UniqueIdentifier>
      <Extensions>rc;ico;cur;bmp;dlg;rc2;rct;bin;rgs;gif;jpg;jpeg;jpe;resx;tiff;tif;png;wav;mfcribbon-ms</Extensions>
    </Filter>
    <Filter Include="Header Files\vein">
      <UniqueIdentifier>{e1ec0d02-c769-4bb1-8331-8df707331d40}</UniqueIdentifier>
    </Filter>
    <Filter Include="Header Files\vein\html">
      <UniqueIdentifier>{53663097-aa76-4128-a670-ed38c5c9c3d6}</UniqueIdentifier>
    </Filter>
    <Filter Include="Source Files\html">
      <UniqueIdentifier>{6be6784e-8941-4475-bcf5-44924e9f73d3}</UniqueIdentifier>
    </Filter>
  </ItemGroup>
  <ItemGroup>
    <ClCompile Include="src\pch.cpp">
      <Filter>Source Files</Filter>
    </ClCompile>
    <ClCompile Include="src\Server.cpp">
      <Filter>Source Files</Filter>
    </ClCompile>
    <ClCompile Include="src\HTTPSession.cpp">
      <Filter>Source Files</Filter>
    </ClCompile>
    <ClCompile Include="src\Listener.cpp">
      <Filter>Source Files</Filter>
    </ClCompile>
    <ClCompile Include="src\Controller.cpp">
      <Filter>Source Files</Filter>
    </ClCompile>
    <ClCompile Include="src\Router.cpp">
      <Filter>Source Files</Filter>
    </ClCompile>
    <ClCompile Include="src\html\Template.cpp">
      <Filter>Source Files\html</Filter>
    </ClCompile>
    <ClCompile Include="src\html\Tag.cpp">
      <Filter>Source Files\html</Filter>
    </ClCompile>
  </ItemGroup>
  <ItemGroup>
    <ClInclude Include="src\pch.h">
      <Filter>Source Files</Filter>
    </ClInclude>
    <ClInclude Include="include\vein\Server.hpp">
      <Filter>Header Files\vein</Filter>
    </ClInclude>
    <ClInclude Include="include\vein\LibraryConfig.hpp">
      <Filter>Header Files\vein</Filter>
    </ClInclude>
    <ClInclude Include="include\vein\File.hpp">
      <Filter>Header Files\vein</Filter>
    </ClInclude>
    <ClInclude Include="include\vein\Router.hpp">
      <Filter>Header Files\vein</Filter>
    </ClInclude>
    <ClInclude Include="include\vein\WebSocketSession.hpp">
      <Filter>Header Files\vein</Filter>
    </ClInclude>
    <ClInclude Include="include\vein\Error.hpp">
      <Filter>Header Files\vein</Filter>
    </ClInclude>
    <ClInclude Include="include\vein\HTTPSession.hpp">
      <Filter>Header Files\vein</Filter>
    </ClInclude>
    <ClInclude Include="include\vein\Listener.hpp">
      <Filter>Header Files\vein</Filter>
    </ClInclude>
    <ClInclude Include="include\vein\Controller.hpp">
      <Filter>Header Files\vein</Filter>
    </ClInclude>
    <ClInclude Include="include\vein\html\Builder.hpp">
      <Filter>Header Files\vein\html</Filter>
    </ClInclude>
    <ClInclude Include="include\vein\Hash.hpp">
      <Filter>Header Files\vein</Filter>
    </ClInclude>
    <ClInclude Include="include\vein\html\Template.hpp">
      <Filter>Header Files\vein\html</Filter>
    </ClInclude>
    <ClInclude Include="include\vein\html\Tag.hpp">
      <Filter>Header Files\vein\html</Filter>
    </ClInclude>
    <ClInclude Include="include\vein\html\Document.hpp">
      <Filter>Header Files\vein\html</Filter>
    </ClInclude>
    <ClInclude Include="include\vein\Allocator.hpp">
      <Filter>Header Files\vein</Filter>
    </ClInclude>
  </ItemGroup>
</Project>